{
    "name": "web-ray-casting-demo",
    "version": "0.0.0",
    "lockfileVersion": 3,
    "requires": true,
    "packages": {
        "": {
            "name": "web-ray-casting-demo",
            "version": "0.0.0",
            "license": "MIT",
            "devDependencies": {}
        }
    }
}
